{
    "_readme": [
        "This file locks the dependencies of your project to a known state",
        "Read more about it at https://getcomposer.org/doc/01-basic-usage.md#composer-lock-the-lock-file",
        "This file is @generated automatically"
    ],
    "content-hash": "a1399b74fa3f6c35a3922fba650ec297",
    "packages": [
        {
            "name": "andreskrey/readability.php",
            "version": "v2.1.0",
            "source": {
                "type": "git",
                "url": "https://github.com/andreskrey/readability.php.git",
                "reference": "7617a912b6c527909168f5d41d263792f171c42a"
            },
            "dist": {
                "type": "zip",
                "url": "https://api.github.com/repos/andreskrey/readability.php/zipball/7617a912b6c527909168f5d41d263792f171c42a",
                "reference": "7617a912b6c527909168f5d41d263792f171c42a",
                "shasum": ""
            },
            "require": {
                "ext-dom": "*",
                "ext-mbstring": "*",
                "ext-xml": "*",
                "php": ">=7.0.0",
                "psr/log": "^1.0"
            },
            "require-dev": {
                "monolog/monolog": "^1.24",
                "phpunit/phpunit": "^6.5"
            },
            "suggest": {
                "monolog/monolog": "Allow logging debug information"
            },
            "type": "library",
            "autoload": {
                "psr-4": {
                    "andreskrey\\Readability\\": "src/"
                }
            },
            "notification-url": "https://packagist.org/downloads/",
            "license": [
                "Apache-2.0"
            ],
            "authors": [
                {
                    "name": "Andres Rey",
                    "role": "Lead Developer",
                    "email": "andreskrey@gmail.com"
                }
            ],
            "description": "A PHP port of Readability.js",
            "homepage": "https://github.com/andreskrey/readability",
            "keywords": [
                "html",
                "readability"
            ],
            "time": "2019-07-22T21:42:25+00:00"
        },
        {
            "name": "psr/log",
            "version": "dev-master",
            "source": {
                "type": "git",
                "url": "https://github.com/php-fig/log.git",
                "reference": "c4421fcac1edd5a324fda73e589a5cf96e52ffd0"
            },
            "dist": {
                "type": "zip",
                "url": "https://api.github.com/repos/php-fig/log/zipball/c4421fcac1edd5a324fda73e589a5cf96e52ffd0",
                "reference": "c4421fcac1edd5a324fda73e589a5cf96e52ffd0",
                "shasum": ""
            },
            "require": {
                "php": ">=5.3.0"
            },
            "type": "library",
            "extra": {
                "branch-alias": {
                    "dev-master": "1.1.x-dev"
                }
            },
            "autoload": {
                "psr-4": {
                    "Psr\\Log\\": "Psr/Log/"
                }
            },
            "notification-url": "https://packagist.org/downloads/",
            "license": [
                "MIT"
            ],
            "authors": [
                {
                    "name": "PHP-FIG",
                    "homepage": "http://www.php-fig.org/"
                }
            ],
            "description": "Common interface for logging libraries",
            "homepage": "https://github.com/php-fig/log",
            "keywords": [
                "log",
                "psr",
                "psr-3"
            ],
            "time": "2018-11-21 13:42:00"
        }
    ],
    "packages-dev": [],
    "aliases": [],
    "minimum-stability": "dev",
    "stability-flags": [],
    "prefer-stable": false,
    "prefer-lowest": false,
    "platform": [],
    "platform-dev": []
}
